<?xml version="1.0" encoding="utf-8"?>
<Project ToolsVersion="4.0" xmlns="http://schemas.microsoft.com/developer/msbuild/2003">
  <ItemGroup>
    <Filter Include="Source Files">
      <UniqueIdentifier>{4FC737F1-C7A5-4376-A066-2A32D752A2FF}</UniqueIdentifier>
      <Extensions>cpp;c;cc;cxx;c++;cppm;ixx;def;odl;idl;hpj;bat;asm;asmx</Extensions>
    </Filter>
    <Filter Include="Header Files">
      <UniqueIdentifier>{93995380-89BD-4b04-88EB-625FBE52EBFB}</UniqueIdentifier>
      <Extensions>h;hh;hpp;hxx;h++;hm;inl;inc;ipp;xsd</Extensions>
    </Filter>
    <Filter Include="Header Files\mapper">
      <UniqueIdentifier>{63bad93d-9578-45ea-822d-95fceb1f13b0}</UniqueIdentifier>
    </Filter>
    <Filter Include="Source Files\mapper">
      <UniqueIdentifier>{75687f01-f574-4318-b8a2-2e4f8c75b08f}</UniqueIdentifier>
    </Filter>
  </ItemGroup>
  <ItemGroup>
    <ClCompile Include="libsputnik.cpp">
      <Filter>Source Files</Filter>
    </ClCompile>
    <ClCompile Include="identity.cpp">
      <Filter>Source Files</Filter>
    </ClCompile>
    <ClCompile Include="mapper\map_driver.cpp">
      <Filter>Source Files\mapper</Filter>
    </ClCompile>
    <ClCompile Include="mapper\drv_image.cpp">
      <Filter>Source Files\mapper</Filter>
    </ClCompile>
    <ClCompile Include="mapper\kernel_ctx.cpp">
      <Filter>Source Files\mapper</Filter>
    </ClCompile>
  </ItemGroup>
  <ItemGroup>
    <ClInclude Include="libsputnik.hpp">
      <Filter>Header Files</Filter>
    </ClInclude>
    <ClInclude Include="identity.hpp">
      <Filter>Header Files</Filter>
    </ClInclude>
    <ClInclude Include="vdm.hpp">
      <Filter>Header Files</Filter>
    </ClInclude>
    <ClInclude Include="mapper\map_driver.h">
      <Filter>Header Files\mapper</Filter>
    </ClInclude>
    <ClInclude Include="mapper\nt.hpp">
      <Filter>Header Files\mapper</Filter>
    </ClInclude>
    <ClInclude Include="mapper\util.hpp">
      <Filter>Header Files\mapper</Filter>
    </ClInclude>
    <ClInclude Include="mapper\drv_image.h">
      <Filter>Header Files\mapper</Filter>
    </ClInclude>
    <ClInclude Include="mapper\kernel_ctx.h">
      <Filter>Header Files\mapper</Filter>
    </ClInclude>
    <ClInclude Include="mapper\hook.hpp">
      <Filter>Header Files\mapper</Filter>
    </ClInclude>
    <ClInclude Include="mapper\dbrequest.h">
      <Filter>Header Files\mapper</Filter>
    </ClInclude>
  </ItemGroup>
  <ItemGroup>
    <MASM Include="com.asm">
      <Filter>Source Files</Filter>
    </MASM>
    <MASM Include="dbrequest-helper.asm">
      <Filter>Source Files\mapper</Filter>
    </MASM>
  </ItemGroup>
</Project>